lockfileVersion: '9.0'

settings:
  autoInstallPeers: true
  excludeLinksFromLockfile: false

importers:

  .:
    dependencies:
      '@mlc-ai/web-llm':
        specifier: 0.2.82
        version: 0.2.82

packages:

  '@mlc-ai/web-llm@0.2.82':
    resolution: {integrity: sha512-ONhW+28PPVSUI1m0RkJcm7suwc47b65i5b/rTEIADq5I22p1+9uf/CBbDPRkkjj1WJB9s8oFp0ywAW0NY1G6fg==}

  loglevel@1.9.2:
    resolution: {integrity: sha512-HgMmCqIJSAKqo68l0rS2AanEWfkxaZ5wNiEFb5ggm08lDs9Xl2KxBlX3PTcaD2chBM1gXAYf491/M2Rv8Jwayg==}
    engines: {node: '>= 0.6.0'}

snapshots:

  '@mlc-ai/web-llm@0.2.82':
    dependencies:
      loglevel: 1.9.2

  loglevel@1.9.2: {}
